version = 1
revision = 3
requires-python = ">=3.13"

[[package]]
name = "maturin"
version = "1.3.0"
source = { registry = "https://pypi.org/simple" }
sdist = { url = "https://files.pythonhosted.org/packages/9e/7c/cea5ebc16253f7d030f99b5b7ad804242c0f4982cee65b596c1da3c4eb5f/maturin-1.3.0.tar.gz", hash = "sha256:f6c69bc7ae147a5effd55587447b35cab1ceb726ba244d08698bc7518b8688ac", size = 175646, upload-time = "2023-10-02T15:57:40.384Z" }
wheels = [
    { url = "https://files.pythonhosted.org/packages/9f/8d/6c7210f8476fe334ee58a12e5d7bb60fb3d9b55c27b383457d6ed81dc6bf/maturin-1.3.0-py3-none-linux_armv6l.whl", hash = "sha256:dcc292547986fa93254b07d6d9f01a417b46a3fa55d5c45db65e71b285922f26", size = 9256228, upload-time = "2023-10-02T15:57:05.046Z" },
    { url = "https://files.pythonhosted.org/packages/a5/d5/3aa264552cefbac4618de95311e13501a30beb97cccef2d627fa209653ff/maturin-1.3.0-py3-none-macosx_10_7_x86_64.whl", hash = "sha256:d612878b75bb60946a45e9534bfd9e759e84d68cc6afe8d46c572d0c3b17bb4e", size = 7644597, upload-time = "2023-10-02T15:57:08.358Z" },
    { url = "https://files.pythonhosted.org/packages/fc/32/0be9796a141aa7ac5e264671c8a729628966124441f41aaf895b6f8c67be/maturin-1.3.0-py3-none-macosx_10_9_x86_64.macosx_11_0_arm64.macosx_10_9_universal2.whl", hash = "sha256:f319b89025632099b197a686251f25def39f982f44474b8ba66c6d5f7e6abcde", size = 14817504, upload-time = "2023-10-02T15:57:11.122Z" },
    { url = "https://files.pythonhosted.org/packages/2b/57/d98fef42b6c8441de13dc63616021c96b42c860fb0030d7615c3a3e58237/maturin-1.3.0-py3-none-manylinux_2_12_i686.manylinux2010_i686.musllinux_1_1_i686.whl", hash = "sha256:f2dfe86b37f7747712f3a910e3321e955efabe2c0e1de19563cea8d05bbee5b6", size = 9800654, upload-time = "2023-10-02T15:57:14.647Z" },
    { url = "https://files.pythonhosted.org/packages/0f/e7/3d5f40adeafba0758abf0af102601742a2d374baebd704d3b221aed48fcb/maturin-1.3.0-py3-none-manylinux_2_12_x86_64.manylinux2010_x86_64.musllinux_1_1_x86_64.whl", hash = "sha256:2686f747980c9ef4a278542b209504b03c7576487b13b9655a6cbd40f3b98a73", size = 9710975, upload-time = "2023-10-02T15:57:18.041Z" },
    { url = "https://files.pythonhosted.org/packages/7a/35/dc5e5121958d0f8030cc20d924869e13787163e78b6b8a0df6981d9c51e6/maturin-1.3.0-py3-none-manylinux_2_17_aarch64.manylinux2014_aarch64.musllinux_1_1_aarch64.whl", hash = "sha256:91ab057ae8d8992ad3a4312e8f379cbe1a8a3289f7d2a58969407e94355bfccc", size = 9314033, upload-time = "2023-10-02T15:57:21.308Z" },
    { url = "https://files.pythonhosted.org/packages/96/9d/fc0c5ab00145a3d0696567ad7742f08679dd5a7594c9825469e027e98dda/maturin-1.3.0-py3-none-manylinux_2_17_armv7l.manylinux2014_armv7l.musllinux_1_1_armv7l.whl", hash = "sha256:05639678b78a0df1abb4542925ee3eb5fc91ff3846878d584db8c7a6dbf2f54f", size = 9166806, upload-time = "2023-10-02T15:57:24.469Z" },
    { url = "https://files.pythonhosted.org/packages/8d/f0/bebbfb570f2e666a55d91ec14b1dc215a3b4bf0802fa3578acbdd045c217/maturin-1.3.0-py3-none-manylinux_2_17_ppc64le.manylinux2014_ppc64le.musllinux_1_1_ppc64le.whl", hash = "sha256:416b0a48b8785555c5060d6fec97f69545c92ffe24df074c8a716d83fa8ab66b", size = 8278816, upload-time = "2023-10-02T15:57:27.501Z" },
    { url = "https://files.pythonhosted.org/packages/08/02/5a2dbfcc37a9c5dff96cf3780904b030ae1de2dcb4a035e8e8728146622b/maturin-1.3.0-py3-none-manylinux_2_17_s390x.manylinux2014_s390x.whl", hash = "sha256:329820228baa9158d69c8e36e2fd3d7df3163a66df8ae739caa6cb5289955646", size = 10236607, upload-time = "2023-10-02T15:57:30.09Z" },
    { url = "https://files.pythonhosted.org/packages/38/dd/f4a495020e02ed284521ffd607133e2240fe3ad5e66bf9e406dcf0f3ec9c/maturin-1.3.0-py3-none-win32.whl", hash = "sha256:1b6b3a4d28c168a7a4773a406effb71c6245400e3d1fb08db3ebc5706669c706", size = 6138396, upload-time = "2023-10-02T15:57:33.284Z" },
    { url = "https://files.pythonhosted.org/packages/c6/b6/27f55c80f119d5e278b1fa21f88717fd2e84f38063804193b91f5e111953/maturin-1.3.0-py3-none-win_amd64.whl", hash = "sha256:84d9136cd241868a8c57116f6bc20e4560b70e96c60fefc3bcbc7ad15dbb7eb7", size = 6670129, upload-time = "2023-10-02T15:57:35.612Z" },
    { url = "https://files.pythonhosted.org/packages/26/d3/2ba0ae7067bbc8d28f894ee3a9857dd6ab530b63a3c8830c2ebb3fb8edf7/maturin-1.3.0-py3-none-win_arm64.whl", hash = "sha256:777bd6b5a6b6fdafcef69168c3938f35efba6e8ca3e7657940dfca4fa077920f", size = 5926745, upload-time = "2023-10-02T15:57:38.206Z" },
]

[package.optional-dependencies]
patchelf = [
    { name = "patchelf" },
]

[[package]]
name = "patchelf"
version = "0.17.2.4"
source = { registry = "https://pypi.org/simple" }
sdist = { url = "https://files.pythonhosted.org/packages/2c/a3/fdd3fa938c864aa2f11dd0b7f08befeda983d2dcdee44da493c6977a653f/patchelf-0.17.2.4.tar.gz", hash = "sha256:970ee5cd8af33e5ea2099510b2f9013fa1b8d5cd763bf3fd3961281c18101a09", size = 149629, upload-time = "2025-07-23T21:16:32.071Z" }
wheels = [
    { url = "https://files.pythonhosted.org/packages/b1/a7/8c4f86c78ec03db954d05fd9c57a114cc3a172a2d3e4a8b949cd5ff89471/patchelf-0.17.2.4-py3-none-macosx_10_9_universal2.whl", hash = "sha256:343bb1b94e959f9070ca9607453b04390e36bbaa33c88640b989cefad0aa049e", size = 184436, upload-time = "2025-07-23T21:16:20.578Z" },
    { url = "https://files.pythonhosted.org/packages/0b/6d/2e9f5483cdb352fab36b8076667b062b2d79cb09d2e3fd09b6fca5771cb6/patchelf-0.17.2.4-py3-none-manylinux1_i686.manylinux_2_5_i686.musllinux_1_1_i686.whl", hash = "sha256:09fd848d625a165fc7b7e07745508c24077129b019c4415a882938781d43adf8", size = 547318, upload-time = "2025-07-23T21:16:22.135Z" },
    { url = "https://files.pythonhosted.org/packages/7e/19/f7821ef31aab01fa7dc8ebe697ece88ec4f7a0fdd3155dab2dfee4b00e5c/patchelf-0.17.2.4-py3-none-manylinux1_x86_64.manylinux_2_5_x86_64.musllinux_1_1_x86_64.whl", hash = "sha256:d9b35ebfada70c02679ad036407d9724ffe1255122ba4ac5e4be5868618a5689", size = 482846, upload-time = "2025-07-23T21:16:23.73Z" },
    { url = "https://files.pythonhosted.org/packages/d1/50/107fea848ecfd851d473b079cab79107487d72c4c3cdb25b9d2603a24ca2/patchelf-0.17.2.4-py3-none-manylinux2014_aarch64.manylinux_2_17_aarch64.musllinux_1_1_aarch64.whl", hash = "sha256:2931a1b5b85f3549661898af7bf746afbda7903c7c9a967cfc998a3563f84fad", size = 477811, upload-time = "2025-07-23T21:16:25.145Z" },
    { url = "https://files.pythonhosted.org/packages/89/a9/a9a2103e159fd65bffbc21ecc5c8c36e44eb34fe53b4ef85fb6d08c2a635/patchelf-0.17.2.4-py3-none-manylinux2014_armv7l.manylinux_2_17_armv7l.musllinux_1_1_armv7l.whl", hash = "sha256:ae44cb3c857d50f54b99e5697aa978726ada33a8a6129d4b8b7ffd28b996652d", size = 431226, upload-time = "2025-07-23T21:16:26.765Z" },
    { url = "https://files.pythonhosted.org/packages/87/93/897d612f6df7cfd987bdf668425127efeff8d8e4ad8bfbab1c69d2a0d861/patchelf-0.17.2.4-py3-none-manylinux2014_ppc64le.manylinux_2_17_ppc64le.musllinux_1_1_ppc64le.whl", hash = "sha256:680a266a70f60a7a4f4c448482c5bdba80cc8e6bb155a49dcc24238ba49927b0", size = 540276, upload-time = "2025-07-23T21:16:27.983Z" },
    { url = "https://files.pythonhosted.org/packages/5d/b8/2b92d11533482bac9ee989081d6880845287751b5f528adbd6bb27667fbd/patchelf-0.17.2.4-py3-none-manylinux2014_s390x.manylinux_2_17_s390x.musllinux_1_1_s390x.whl", hash = "sha256:d842b51f0401460f3b1f3a3a67d2c266a8f515a5adfbfa6e7b656cb3ac2ed8bc", size = 596632, upload-time = "2025-07-23T21:16:29.253Z" },
    { url = "https://files.pythonhosted.org/packages/14/e2/975d4bdb418f942b53e6187b95bd9e0d5e0488b7bc214685a1e43e2c2751/patchelf-0.17.2.4-py3-none-manylinux_2_31_riscv64.musllinux_1_1_riscv64.whl", hash = "sha256:7076d9e127230982e20a81a6e2358d3343004667ba510d9f822d4fdee29b0d71", size = 508281, upload-time = "2025-07-23T21:16:30.865Z" },
]

[[package]]
name = "taskturbine-python"
version = "0.1.0"
source = { editable = "." }
dependencies = [
    { name = "maturin" },
    { name = "tomli" },
]

[package.dev-dependencies]
dev = [
    { name = "maturin", extra = ["patchelf"] },
]

[package.metadata]
requires-dist = [
    { name = "maturin", specifier = "==1.3.0" },
    { name = "tomli", specifier = "==2.0.1" },
]

[package.metadata.requires-dev]
dev = [{ name = "maturin", extras = ["patchelf"], specifier = ">=1.3.0" }]

[[package]]
name = "tomli"
version = "2.0.1"
source = { registry = "https://pypi.org/simple" }
sdist = { url = "https://files.pythonhosted.org/packages/c0/3f/d7af728f075fb08564c5949a9c95e44352e23dee646869fa104a3b2060a3/tomli-2.0.1.tar.gz", hash = "sha256:de526c12914f0c550d15924c62d72abc48d6fe7364aa87328337a31007fe8a4f", size = 15164, upload-time = "2022-02-08T10:54:04.006Z" }
wheels = [
    { url = "https://files.pythonhosted.org/packages/97/75/10a9ebee3fd790d20926a90a2547f0bf78f371b2f13aa822c759680ca7b9/tomli-2.0.1-py3-none-any.whl", hash = "sha256:939de3e7a6161af0c887ef91b7d41a53e7c5a1ca976325f429cb46ea9bc30ecc", size = 12757, upload-time = "2022-02-08T10:54:02.017Z" },
]
